
Microsoft Visual Studio Solution File, Format Version 12.00
# Visual Studio Version 17
VisualStudioVersion = 17.14.36414.22
MinimumVisualStudioVersion = 10.0.40219.1
Project("{FAE04EC0-301F-11D3-BF4B-00C04F79EFBC}") = "Monthly Claim System", "Monthly Claim System\Monthly Claim System.csproj", "{7E4A04FB-ECBD-4814-BD0D-808EF987835B}"
EndProject
Project("{FAE04EC0-301F-11D3-BF4B-00C04F79EFBC}") = "MonthlyClaimSystem.Tests", "MonthlyClaimSystem.Tests\MonthlyClaimSystem.Tests.csproj", "{21B990FD-E9EC-49B7-8B52-3EE4197D02A4}"
EndProject
Global
	GlobalSection(SolutionConfigurationPlatforms) = preSolution
		Debug|Any CPU = Debug|Any CPU
		Release|Any CPU = Release|Any CPU
	EndGlobalSection
	GlobalSection(ProjectConfigurationPlatforms) = postSolution
		{7E4A04FB-ECBD-4814-BD0D-808EF987835B}.Debug|Any CPU.ActiveCfg = Debug|Any CPU
		{7E4A04FB-ECBD-4814-BD0D-808EF987835B}.Debug|Any CPU.Build.0 = Debug|Any CPU
		{7E4A04FB-ECBD-4814-BD0D-808EF987835B}.Release|Any CPU.ActiveCfg = Release|Any CPU
		{7E4A04FB-ECBD-4814-BD0D-808EF987835B}.Release|Any CPU.Build.0 = Release|Any CPU
		{21B990FD-E9EC-49B7-8B52-3EE4197D02A4}.Debug|Any CPU.ActiveCfg = Debug|Any CPU
		{21B990FD-E9EC-49B7-8B52-3EE4197D02A4}.Debug|Any CPU.Build.0 = Debug|Any CPU
		{21B990FD-E9EC-49B7-8B52-3EE4197D02A4}.Release|Any CPU.ActiveCfg = Release|Any CPU
		{21B990FD-E9EC-49B7-8B52-3EE4197D02A4}.Release|Any CPU.Build.0 = Release|Any CPU
	EndGlobalSection
	GlobalSection(SolutionProperties) = preSolution
		HideSolutionNode = FALSE
	EndGlobalSection
	GlobalSection(ExtensibilityGlobals) = postSolution
		SolutionGuid = {D80D04CF-67AE-4193-9FEC-B14D7CF7AA07}
	EndGlobalSection
EndGlobal
